lockfileVersion: '9.0'

settings:
  autoInstallPeers: true
  excludeLinksFromLockfile: false

importers:

  .:
    dependencies:
      '@astrojs/cloudflare':
        specifier: ^13.3.0
        version: 13.3.0(@types/node@24.12.3)(astro@6.3.1(@types/node@24.12.3)(aws4fetch@1.0.20)(jiti@2.7.0)(lightningcss@1.32.0)(rollup@4.60.3)(tsx@4.21.0)(yaml@2.8.4))(jiti@2.7.0)(lightningcss@1.32.0)(tsx@4.21.0)(workerd@1.20260507.1)(wrangler@4.90.0(@cloudflare/workers-types@4.20260510.1))(yaml@2.8.4)
      '@astrojs/mdx':
        specifier: ^5.0.4
        version: 5.0.4(astro@6.3.1(@types/node@24.12.3)(aws4fetch@1.0.20)(jiti@2.7.0)(lightningcss@1.32.0)(rollup@4.60.3)(tsx@4.21.0)(yaml@2.8.4))
      '@astrojs/react':
        specifier: ^5.0.4
        version: 5.0.4(@types/node@24.12.3)(@types/react-dom@19.2.3(@types/react@19.2.14))(@types/react@19.2.14)(jiti@2.7.0)(lightningcss@1.32.0)(react-dom@19.2.6(react@19.2.6))(react@19.2.6)(tsx@4.21.0)(yaml@2.8.4)
      '@astrojs/rss':
        specifier: ^4.0.18
        version: 4.0.18
      '@astrojs/sitemap':
        specifier: ^3.7.2
        version: 3.7.2
      '@braintree/sanitize-url':
        specifier: ^7.1.2
        version: 7.1.2
      '@cf-wasm/og':
        specifier: ^0.3.8
        version: 0.3.8(react@19.2.6)
      '@tailwindcss/typography':
        specifier: ^0.5.19
        version: 0.5.19(tailwindcss@4.3.0)
      '@types/react':
        specifier: ^19.2.14
        version: 19.2.14
      '@types/react-dom':
        specifier: ^19.2.3
        version: 19.2.3(@types/react@19.2.14)
      astro:
        specifier: ^6.3.1
        version: 6.3.1(@types/node@24.12.3)(aws4fetch@1.0.20)(jiti@2.7.0)(lightningcss@1.32.0)(rollup@4.60.3)(tsx@4.21.0)(yaml@2.8.4)
      astro-auto-import:
        specifier: ^0.5.1
        version: 0.5.1(astro@6.3.1(@types/node@24.12.3)(aws4fetch@1.0.20)(jiti@2.7.0)(lightningcss@1.32.0)(rollup@4.60.3)(tsx@4.21.0)(yaml@2.8.4))
      astro-pagefind:
        specifier: ^2.0.0
        version: 2.0.0(astro@6.3.1(@types/node@24.12.3)(aws4fetch@1.0.20)(jiti@2.7.0)(lightningcss@1.32.0)(rollup@4.60.3)(tsx@4.21.0)(yaml@2.8.4))
      date-fns-tz:
        specifier: ^3.2.0
        version: 3.2.0(date-fns@4.1.0)
      next-share:
        specifier: ^0.27.0
        version: 0.27.0(react@19.2.6)
      react:
        specifier: ^19.2.6
        version: 19.2.6
      react-dom:
        specifier: ^19.2.6
        version: 19.2.6(react@19.2.6)
    devDependencies:
      '@cloudflare/vitest-pool-workers':
        specifier: ^0.16.3
        version: 0.16.3(@cloudflare/workers-types@4.20260510.1)(@vitest/runner@4.1.5)(@vitest/snapshot@4.1.5)(vitest@4.1.5(@types/node@24.12.3)(vite@7.3.3(@types/node@24.12.3)(jiti@2.7.0)(lightningcss@1.32.0)(tsx@4.21.0)(yaml@2.8.4)))
      '@cloudflare/workers-types':
        specifier: ^4.20260510.1
        version: 4.20260510.1
      '@tailwindcss/vite':
        specifier: ^4.3.0
        version: 4.3.0(vite@7.3.3(@types/node@24.12.3)(jiti@2.7.0)(lightningcss@1.32.0)(tsx@4.21.0)(yaml@2.8.4))
      '@textlint-ja/textlint-rule-no-filler':
        specifier: ^1.1.0
        version: 1.1.0
      '@types/node':
        specifier: ^24.12.3
        version: 24.12.3
      knip:
        specifier: ^6.12.2
        version: 6.12.2(@emnapi/core@1.10.0)(@emnapi/runtime@1.10.0)
      node:
        specifier: runtime:^24.15.0
        version: runtime:24.15.0
      prettier:
        specifier: ^3.8.3
        version: 3.8.3
      prettier-plugin-astro:
        specifier: ^0.14.1
        version: 0.14.1
      prettier-plugin-tailwindcss:
        specifier: ^0.8.0
        version: 0.8.0(prettier-plugin-astro@0.14.1)(prettier@3.8.3)
      tailwindcss:
        specifier: ^4.3.0
        version: 4.3.0
      textlint:
        specifier: ^15.6.0
        version: 15.6.0
      textlint-rule-ja-no-abusage:
        specifier: ^3.0.0
        version: 3.0.0
      textlint-rule-ja-no-redundant-expression:
        specifier: ^4.0.1
        version: 4.0.1
      textlint-rule-no-doubled-conjunction:
        specifier: ^3.0.0
        version: 3.0.0
      textlint-rule-no-doubled-conjunctive-particle-ga:
        specifier: ^3.0.0
        version: 3.0.0
      textlint-rule-no-doubled-joshi:
        specifier: ^5.1.1
        version: 5.1.1
      textlint-rule-no-dropping-the-ra:
        specifier: ^3.0.0
        version: 3.0.0
      textlint-rule-no-hankaku-kana:
        specifier: ^2.0.1
        version: 2.0.1
      textlint-rule-no-mix-dearu-desumasu:
        specifier: ^6.0.4
        version: 6.0.4
      textlint-rule-no-mixed-zenkaku-and-hankaku-alphabet:
        specifier: ^1.0.1
        version: 1.0.1
      textlint-rule-no-todo:
        specifier: ^2.0.1
        version: 2.0.1
      textlint-rule-preset-jtf-style:
        specifier: ^3.0.3
        version: 3.0.3
      typescript:
        specifier: ^6.0.3
        version: 6.0.3
      vitest:
        specifier: ^4.1.5
        version: 4.1.5(@types/node@24.12.3)(vite@7.3.3(@types/node@24.12.3)(jiti@2.7.0)(lightningcss@1.32.0)(tsx@4.21.0)(yaml@2.8.4))
      wrangler:
        specifier: ^4.90.0
        version: 4.90.0(@cloudflare/workers-types@4.20260510.1)
